
Microsoft Visual Studio Solution File, Format Version 12.00
# Visual Studio Version 17
VisualStudioVersion = 17.11.35312.102
MinimumVisualStudioVersion = 10.0.40219.1
Project("{FAE04EC0-301F-11D3-BF4B-00C04F79EFBC}") = "Dress", "Dress.csproj", "{C4DDCBC7-6E35-4B6D-8974-5361C1009014}"
EndProject
Project("{FAE04EC0-301F-11D3-BF4B-00C04F79EFBC}") = "Boutique", "..\Boutique\Boutique.csproj", "{74BFA600-13FD-4CBE-BBC3-0BFDD8B9C8EA}"
EndProject
Project("{FAE04EC0-301F-11D3-BF4B-00C04F79EFBC}") = "Fish", "..\Fish\Fish.csproj", "{33017435-D05C-4DCB-9091-0D502B738319}"
EndProject
Global
	GlobalSection(SolutionConfigurationPlatforms) = preSolution
		Debug|Any CPU = Debug|Any CPU
		Release|Any CPU = Release|Any CPU
	EndGlobalSection
	GlobalSection(ProjectConfigurationPlatforms) = postSolution
		{C4DDCBC7-6E35-4B6D-8974-5361C1009014}.Debug|Any CPU.ActiveCfg = Debug|Any CPU
		{C4DDCBC7-6E35-4B6D-8974-5361C1009014}.Debug|Any CPU.Build.0 = Debug|Any CPU
		{C4DDCBC7-6E35-4B6D-8974-5361C1009014}.Release|Any CPU.ActiveCfg = Release|Any CPU
		{C4DDCBC7-6E35-4B6D-8974-5361C1009014}.Release|Any CPU.Build.0 = Release|Any CPU
		{74BFA600-13FD-4CBE-BBC3-0BFDD8B9C8EA}.Debug|Any CPU.ActiveCfg = Debug|Any CPU
		{74BFA600-13FD-4CBE-BBC3-0BFDD8B9C8EA}.Debug|Any CPU.Build.0 = Debug|Any CPU
		{74BFA600-13FD-4CBE-BBC3-0BFDD8B9C8EA}.Release|Any CPU.ActiveCfg = Release|Any CPU
		{74BFA600-13FD-4CBE-BBC3-0BFDD8B9C8EA}.Release|Any CPU.Build.0 = Release|Any CPU
		{33017435-D05C-4DCB-9091-0D502B738319}.Debug|Any CPU.ActiveCfg = Debug|Any CPU
		{33017435-D05C-4DCB-9091-0D502B738319}.Debug|Any CPU.Build.0 = Debug|Any CPU
		{33017435-D05C-4DCB-9091-0D502B738319}.Release|Any CPU.ActiveCfg = Release|Any CPU
		{33017435-D05C-4DCB-9091-0D502B738319}.Release|Any CPU.Build.0 = Release|Any CPU
	EndGlobalSection
	GlobalSection(SolutionProperties) = preSolution
		HideSolutionNode = FALSE
	EndGlobalSection
	GlobalSection(ExtensibilityGlobals) = postSolution
		SolutionGuid = {06705998-8F0C-4949-B70B-DD4BA0B11BDA}
	EndGlobalSection
EndGlobal
